
Microsoft Visual Studio Solution File, Format Version 12.00
# Visual Studio Version 17
VisualStudioVersion = 17.4.33205.214
MinimumVisualStudioVersion = 10.0.40219.1
Project("{FAE04EC0-301F-11D3-BF4B-00C04F79EFBC}") = "eProject_BusTicket", "eProject_BusTicket\eProject_BusTicket.csproj", "{99E339FC-0441-4D29-A49F-5BE99F6A32FC}"
EndProject
Global
	GlobalSection(SolutionConfigurationPlatforms) = preSolution
		Debug|Any CPU = Debug|Any CPU
		Release|Any CPU = Release|Any CPU
	EndGlobalSection
	GlobalSection(ProjectConfigurationPlatforms) = postSolution
		{99E339FC-0441-4D29-A49F-5BE99F6A32FC}.Debug|Any CPU.ActiveCfg = Debug|Any CPU
		{99E339FC-0441-4D29-A49F-5BE99F6A32FC}.Debug|Any CPU.Build.0 = Debug|Any CPU
		{99E339FC-0441-4D29-A49F-5BE99F6A32FC}.Release|Any CPU.ActiveCfg = Release|Any CPU
		{99E339FC-0441-4D29-A49F-5BE99F6A32FC}.Release|Any CPU.Build.0 = Release|Any CPU
	EndGlobalSection
	GlobalSection(SolutionProperties) = preSolution
		HideSolutionNode = FALSE
	EndGlobalSection
	GlobalSection(ExtensibilityGlobals) = postSolution
		SolutionGuid = {DB9B52FA-F81B-4C97-B76C-6C4DB585D33C}
	EndGlobalSection
EndGlobal
